
Microsoft Visual Studio Solution File, Format Version 12.00
# Visual Studio 15
VisualStudioVersion = 15.0.27428.2037
MinimumVisualStudioVersion = 10.0.40219.1
Project("{8BC9CEB8-8B4A-11D0-8D11-00A0C91BC942}") = "PingCheckerClient", "PingCheckerClient\PingCheckerClient.vcxproj", "{74CBF7AB-9DC5-4AE1-8772-EAA44FB88DEA}"
EndProject
Global
	GlobalSection(SolutionConfigurationPlatforms) = preSolution
		Debug|x64 = Debug|x64
		Debug|x86 = Debug|x86
		Release|x64 = Release|x64
		Release|x86 = Release|x86
	EndGlobalSection
	GlobalSection(ProjectConfigurationPlatforms) = postSolution
		{74CBF7AB-9DC5-4AE1-8772-EAA44FB88DEA}.Debug|x64.ActiveCfg = Debug|x64
		{74CBF7AB-9DC5-4AE1-8772-EAA44FB88DEA}.Debug|x64.Build.0 = Debug|x64
		{74CBF7AB-9DC5-4AE1-8772-EAA44FB88DEA}.Debug|x86.ActiveCfg = Debug|Win32
		{74CBF7AB-9DC5-4AE1-8772-EAA44FB88DEA}.Debug|x86.Build.0 = Debug|Win32
		{74CBF7AB-9DC5-4AE1-8772-EAA44FB88DEA}.Release|x64.ActiveCfg = Release|x64
		{74CBF7AB-9DC5-4AE1-8772-EAA44FB88DEA}.Release|x64.Build.0 = Release|x64
		{74CBF7AB-9DC5-4AE1-8772-EAA44FB88DEA}.Release|x86.ActiveCfg = Release|Win32
		{74CBF7AB-9DC5-4AE1-8772-EAA44FB88DEA}.Release|x86.Build.0 = Release|Win32
	EndGlobalSection
	GlobalSection(SolutionProperties) = preSolution
		HideSolutionNode = FALSE
	EndGlobalSection
	GlobalSection(ExtensibilityGlobals) = postSolution
		SolutionGuid = {BB7B7D6E-590C-467B-816D-C842C0101F18}
	EndGlobalSection
EndGlobal
